
Microsoft Visual Studio Solution File, Format Version 12.00
# Visual Studio Version 16
VisualStudioVersion = 16.0.30804.86
MinimumVisualStudioVersion = 10.0.40219.1
Project("{FAE04EC0-301F-11D3-BF4B-00C04F79EFBC}") = "ff8-Julia", "ff8-Julia.csproj", "{232C47E0-3B44-48D3-B7D0-F27D5DD66CEB}"
EndProject
Global
	GlobalSection(SolutionConfigurationPlatforms) = preSolution
		Debug|Any CPU = Debug|Any CPU
		Release|Any CPU = Release|Any CPU
	EndGlobalSection
	GlobalSection(ProjectConfigurationPlatforms) = postSolution
		{232C47E0-3B44-48D3-B7D0-F27D5DD66CEB}.Debug|Any CPU.ActiveCfg = Debug|Any CPU
		{232C47E0-3B44-48D3-B7D0-F27D5DD66CEB}.Debug|Any CPU.Build.0 = Debug|Any CPU
		{232C47E0-3B44-48D3-B7D0-F27D5DD66CEB}.Release|Any CPU.ActiveCfg = Release|Any CPU
		{232C47E0-3B44-48D3-B7D0-F27D5DD66CEB}.Release|Any CPU.Build.0 = Release|Any CPU
	EndGlobalSection
	GlobalSection(SolutionProperties) = preSolution
		HideSolutionNode = FALSE
	EndGlobalSection
	GlobalSection(ExtensibilityGlobals) = postSolution
		SolutionGuid = {7A77646D-D058-461F-BE69-FAFCA298CBD6}
	EndGlobalSection
EndGlobal
